
Microsoft Visual Studio Solution File, Format Version 12.00
# Visual Studio Version 17
VisualStudioVersion = 17.1.32210.238
MinimumVisualStudioVersion = 10.0.40219.1
Project("{9A19103F-16F7-4668-BE54-9A1E7A4F7556}") = "EFCoreTest", "EFCoreTest\EFCoreTest.csproj", "{7F23DD3A-8A8C-4652-94CD-9E8365DAA026}"
EndProject
Project("{9A19103F-16F7-4668-BE54-9A1E7A4F7556}") = "ScaffloldTest", "ScaffloldTest\ScaffloldTest.csproj", "{C81867B6-60B5-4D01-977F-5E498552C9E4}"
EndProject
Global
	GlobalSection(SolutionConfigurationPlatforms) = preSolution
		Debug|Any CPU = Debug|Any CPU
		Release|Any CPU = Release|Any CPU
	EndGlobalSection
	GlobalSection(ProjectConfigurationPlatforms) = postSolution
		{7F23DD3A-8A8C-4652-94CD-9E8365DAA026}.Debug|Any CPU.ActiveCfg = Debug|Any CPU
		{7F23DD3A-8A8C-4652-94CD-9E8365DAA026}.Debug|Any CPU.Build.0 = Debug|Any CPU
		{7F23DD3A-8A8C-4652-94CD-9E8365DAA026}.Release|Any CPU.ActiveCfg = Release|Any CPU
		{7F23DD3A-8A8C-4652-94CD-9E8365DAA026}.Release|Any CPU.Build.0 = Release|Any CPU
		{C81867B6-60B5-4D01-977F-5E498552C9E4}.Debug|Any CPU.ActiveCfg = Debug|Any CPU
		{C81867B6-60B5-4D01-977F-5E498552C9E4}.Debug|Any CPU.Build.0 = Debug|Any CPU
		{C81867B6-60B5-4D01-977F-5E498552C9E4}.Release|Any CPU.ActiveCfg = Release|Any CPU
		{C81867B6-60B5-4D01-977F-5E498552C9E4}.Release|Any CPU.Build.0 = Release|Any CPU
	EndGlobalSection
	GlobalSection(SolutionProperties) = preSolution
		HideSolutionNode = FALSE
	EndGlobalSection
	GlobalSection(ExtensibilityGlobals) = postSolution
		SolutionGuid = {0B1FE63F-5596-47C9-8019-1EDC43118D04}
	EndGlobalSection
EndGlobal
